
Microsoft Visual Studio Solution File, Format Version 12.00
# Visual Studio Version 16
VisualStudioVersion = 16.0.31105.61
MinimumVisualStudioVersion = 10.0.40219.1
Project("{FAE04EC0-301F-11D3-BF4B-00C04F79EFBC}") = "KalkulatorWPF", "KalkulatorWPF\KalkulatorWPF.csproj", "{EE3CC306-E7B1-40B1-9553-F03920A5ACA5}"
EndProject
Global
	GlobalSection(SolutionConfigurationPlatforms) = preSolution
		Debug|Any CPU = Debug|Any CPU
		Release|Any CPU = Release|Any CPU
	EndGlobalSection
	GlobalSection(ProjectConfigurationPlatforms) = postSolution
		{EE3CC306-E7B1-40B1-9553-F03920A5ACA5}.Debug|Any CPU.ActiveCfg = Debug|Any CPU
		{EE3CC306-E7B1-40B1-9553-F03920A5ACA5}.Debug|Any CPU.Build.0 = Debug|Any CPU
		{EE3CC306-E7B1-40B1-9553-F03920A5ACA5}.Release|Any CPU.ActiveCfg = Release|Any CPU
		{EE3CC306-E7B1-40B1-9553-F03920A5ACA5}.Release|Any CPU.Build.0 = Release|Any CPU
	EndGlobalSection
	GlobalSection(SolutionProperties) = preSolution
		HideSolutionNode = FALSE
	EndGlobalSection
	GlobalSection(ExtensibilityGlobals) = postSolution
		SolutionGuid = {0C49C494-C3A7-4F51-A92E-4BC3DB69A127}
	EndGlobalSection
EndGlobal
